// !$*UTF8*$!
{
	archiveVersion = 1;
	classes = {
	};
	objectVersion = 50;
	objects = {

/* Begin PBXBuildFile section */
		138D2026230E9E7B00A80E8F /* BusGossips.framework in Frameworks */ = {isa = PBXBuildFile; fileRef = 138D201C230E9E7B00A80E8F /* BusGossips.framework */; };
		138D202B230E9E7B00A80E8F /* BusGossipsTests.swift in Sources */ = {isa = PBXBuildFile; fileRef = 138D202A230E9E7B00A80E8F /* BusGossipsTests.swift */; };
		138D202D230E9E7B00A80E8F /* BusGossips.h in Headers */ = {isa = PBXBuildFile; fileRef = 138D201F230E9E7B00A80E8F /* BusGossips.h */; settings = {ATTRIBUTES = (Public, ); }; };
		138D2037230E9F2000A80E8F /* BusDriver.swift in Sources */ = {isa = PBXBuildFile; fileRef = 138D2036230E9F2000A80E8F /* BusDriver.swift */; };
/* End PBXBuildFile section */

/* Begin PBXContainerItemProxy section */
		138D2027230E9E7B00A80E8F /* PBXContainerItemProxy */ = {
			isa = PBXContainerItemProxy;
			containerPortal = 138D2013230E9E7B00A80E8F /* Project object */;
			proxyType = 1;
			remoteGlobalIDString = 138D201B230E9E7B00A80E8F;
			remoteInfo = BusGossips;
		};
/* End PBXContainerItemProxy section */

/* Begin PBXFileReference section */
		138D201C230E9E7B00A80E8F /* BusGossips.framework */ = {isa = PBXFileReference; explicitFileType = wrapper.framework; includeInIndex = 0; path = BusGossips.framework; sourceTree = BUILT_PRODUCTS_DIR; };
		138D201F230E9E7B00A80E8F /* BusGossips.h */ = {isa = PBXFileReference; lastKnownFileType = sourcecode.c.h; path = BusGossips.h; sourceTree = "<group>"; };
		138D2020230E9E7B00A80E8F /* Info.plist */ = {isa = PBXFileReference; lastKnownFileType = text.plist.xml; path = Info.plist; sourceTree = "<group>"; };
		138D2025230E9E7B00A80E8F /* BusGossipsTests.xctest */ = {isa = PBXFileReference; explicitFileType = wrapper.cfbundle; includeInIndex = 0; path = BusGossipsTests.xctest; sourceTree = BUILT_PRODUCTS_DIR; };
		138D202A230E9E7B00A80E8F /* BusGossipsTests.swift */ = {isa = PBXFileReference; lastKnownFileType = sourcecode.swift; path = BusGossipsTests.swift; sourceTree = "<group>"; };
		138D202C230E9E7B00A80E8F /* Info.plist */ = {isa = PBXFileReference; lastKnownFileType = text.plist.xml; path = Info.plist; sourceTree = "<group>"; };
		138D2036230E9F2000A80E8F /* BusDriver.swift */ = {isa = PBXFileReference; lastKnownFileType = sourcecode.swift; path = BusDriver.swift; sourceTree = "<group>"; };
/* End PBXFileReference section */

/* Begin PBXFrameworksBuildPhase section */
		138D2019230E9E7B00A80E8F /* Frameworks */ = {
			isa = PBXFrameworksBuildPhase;
			buildActionMask = 2147483647;
			files = (
			);
			runOnlyForDeploymentPostprocessing = 0;
		};
		138D2022230E9E7B00A80E8F /* Frameworks */ = {
			isa = PBXFrameworksBuildPhase;
			buildActionMask = 2147483647;
			files = (
				138D2026230E9E7B00A80E8F /* BusGossips.framework in Frameworks */,
			);
			runOnlyForDeploymentPostprocessing = 0;
		};
/* End PBXFrameworksBuildPhase section */

/* Begin PBXGroup section */
		138D2012230E9E7B00A80E8F = {
			isa = PBXGroup;
			children = (
				138D201E230E9E7B00A80E8F /* BusGossips */,
				138D2029230E9E7B00A80E8F /* BusGossipsTests */,
				138D201D230E9E7B00A80E8F /* Products */,
			);
			sourceTree = "<group>";
		};
		138D201D230E9E7B00A80E8F /* Products */ = {
			isa = PBXGroup;
			children = (
				138D201C230E9E7B00A80E8F /* BusGossips.framework */,
				138D2025230E9E7B00A80E8F /* BusGossipsTests.xctest */,
			);
			name = Products;
			sourceTree = "<group>";
		};
		138D201E230E9E7B00A80E8F /* BusGossips */ = {
			isa = PBXGroup;
			children = (
				138D201F230E9E7B00A80E8F /* BusGossips.h */,
				138D2036230E9F2000A80E8F /* BusDriver.swift */,
				138D2020230E9E7B00A80E8F /* Info.plist */,
			);
			path = BusGossips;
			sourceTree = "<group>";
		};
		138D2029230E9E7B00A80E8F /* BusGossipsTests */ = {
			isa = PBXGroup;
			children = (
				138D202A230E9E7B00A80E8F /* BusGossipsTests.swift */,
				138D202C230E9E7B00A80E8F /* Info.plist */,
			);
			path = BusGossipsTests;
			sourceTree = "<group>";
		};
/* End PBXGroup section */

/* Begin PBXHeadersBuildPhase section */
		138D2017230E9E7B00A80E8F /* Headers */ = {
			isa = PBXHeadersBuildPhase;
			buildActionMask = 2147483647;
			files = (
				138D202D230E9E7B00A80E8F /* BusGossips.h in Headers */,
			);
			runOnlyForDeploymentPostprocessing = 0;
		};
/* End PBXHeadersBuildPhase section */

/* Begin PBXNativeTarget section */
		138D201B230E9E7B00A80E8F /* BusGossips */ = {
			isa = PBXNativeTarget;
			buildConfigurationList = 138D2030230E9E7B00A80E8F /* Build configuration list for PBXNativeTarget "BusGossips" */;
			buildPhases = (
				138D2017230E9E7B00A80E8F /* Headers */,
				138D2018230E9E7B00A80E8F /* Sources */,
				138D2019230E9E7B00A80E8F /* Frameworks */,
				138D201A230E9E7B00A80E8F /* Resources */,
			);
			buildRules = (
			);
			dependencies = (
			);
			name = BusGossips;
			productName = BusGossips;
			productReference = 138D201C230E9E7B00A80E8F /* BusGossips.framework */;
			productType = "com.apple.product-type.framework";
		};
		138D2024230E9E7B00A80E8F /* BusGossipsTests */ = {
			isa = PBXNativeTarget;
			buildConfigurationList = 138D2033230E9E7B00A80E8F /* Build configuration list for PBXNativeTarget "BusGossipsTests" */;
			buildPhases = (
				138D2021230E9E7B00A80E8F /* Sources */,
				138D2022230E9E7B00A80E8F /* Frameworks */,
				138D2023230E9E7B00A80E8F /* Resources */,
			);
			buildRules = (
			);
			dependencies = (
				138D2028230E9E7B00A80E8F /* PBXTargetDependency */,
			);
			name = BusGossipsTests;
			productName = BusGossipsTests;
			productReference = 138D2025230E9E7B00A80E8F /* BusGossipsTests.xctest */;
			productType = "com.apple.product-type.bundle.unit-test";
		};
/* End PBXNativeTarget section */

/* Begin PBXProject section */
		138D2013230E9E7B00A80E8F /* Project object */ = {
			isa = PBXProject;
			attributes = {
				LastSwiftUpdateCheck = 1030;
				LastUpgradeCheck = 1030;
				ORGANIZATIONNAME = akaDuality;
				TargetAttributes = {
					138D201B230E9E7B00A80E8F = {
						CreatedOnToolsVersion = 10.3;
						LastSwiftMigration = 1030;
					};
					138D2024230E9E7B00A80E8F = {
						CreatedOnToolsVersion = 10.3;
					};
				};
			};
			buildConfigurationList = 138D2016230E9E7B00A80E8F /* Build configuration list for PBXProject "BusGossips" */;
			compatibilityVersion = "Xcode 9.3";
			developmentRegion = en;
			hasScannedForEncodings = 0;
			knownRegions = (
				en,
			);
			mainGroup = 138D2012230E9E7B00A80E8F;
			productRefGroup = 138D201D230E9E7B00A80E8F /* Products */;
			projectDirPath = "";
			projectRoot = "";
			targets = (
				138D201B230E9E7B00A80E8F /* BusGossips */,
				138D2024230E9E7B00A80E8F /* BusGossipsTests */,
			);
		};
/* End PBXProject section */

/* Begin PBXResourcesBuildPhase section */
		138D201A230E9E7B00A80E8F /* Resources */ = {
			isa = PBXResourcesBuildPhase;
			buildActionMask = 2147483647;
			files = (
			);
			runOnlyForDeploymentPostprocessing = 0;
		};
		138D2023230E9E7B00A80E8F /* Resources */ = {
			isa = PBXResourcesBuildPhase;
			buildActionMask = 2147483647;
			files = (
			);
			runOnlyForDeploymentPostprocessing = 0;
		};
/* End PBXResourcesBuildPhase section */

/* Begin PBXSourcesBuildPhase section */
		138D2018230E9E7B00A80E8F /* Sources */ = {
			isa = PBXSourcesBuildPhase;
			buildActionMask = 2147483647;
			files = (
				138D2037230E9F2000A80E8F /* BusDriver.swift in Sources */,
			);
			runOnlyForDeploymentPostprocessing = 0;
		};
		138D2021230E9E7B00A80E8F /* Sources */ = {
			isa = PBXSourcesBuildPhase;
			buildActionMask = 2147483647;
			files = (
				138D202B230E9E7B00A80E8F /* BusGossipsTests.swift in Sources */,
			);
			runOnlyForDeploymentPostprocessing = 0;
		};
/* End PBXSourcesBuildPhase section */

/* Begin PBXTargetDependency section */
		138D2028230E9E7B00A80E8F /* PBXTargetDependency */ = {
			isa = PBXTargetDependency;
			target = 138D201B230E9E7B00A80E8F /* BusGossips */;
			targetProxy = 138D2027230E9E7B00A80E8F /* PBXContainerItemProxy */;
		};
/* End PBXTargetDependency section */

/* Begin XCBuildConfiguration section */
		138D202E230E9E7B00A80E8F /* Debug */ = {
			isa = XCBuildConfiguration;
			buildSettings = {
				ALWAYS_SEARCH_USER_PATHS = NO;
				CLANG_ANALYZER_NONNULL = YES;
				CLANG_ANALYZER_NUMBER_OBJECT_CONVERSION = YES_AGGRESSIVE;
				CLANG_CXX_LANGUAGE_STANDARD = "gnu++14";
				CLANG_CXX_LIBRARY = "libc++";
				CLANG_ENABLE_MODULES = YES;
				CLANG_ENABLE_OBJC_ARC = YES;
				CLANG_ENABLE_OBJC_WEAK = YES;
				CLANG_WARN_BLOCK_CAPTURE_AUTORELEASING = YES;
				CLANG_WARN_BOOL_CONVERSION = YES;
				CLANG_WARN_COMMA = YES;
				CLANG_WARN_CONSTANT_CONVERSION = YES;
				CLANG_WARN_DEPRECATED_OBJC_IMPLEMENTATIONS = YES;
				CLANG_WARN_DIRECT_OBJC_ISA_USAGE = YES_ERROR;
				CLANG_WARN_DOCUMENTATION_COMMENTS = YES;
				CLANG_WARN_EMPTY_BODY = YES;
				CLANG_WARN_ENUM_CONVERSION = YES;
				CLANG_WARN_INFINITE_RECURSION = YES;
				CLANG_WARN_INT_CONVERSION = YES;
				CLANG_WARN_NON_LITERAL_NULL_CONVERSION = YES;
				CLANG_WARN_OBJC_IMPLICIT_RETAIN_SELF = YES;
				CLANG_WARN_OBJC_LITERAL_CONVERSION = YES;
				CLANG_WARN_OBJC_ROOT_CLASS = YES_ERROR;
				CLANG_WARN_RANGE_LOOP_ANALYSIS = YES;
				CLANG_WARN_STRICT_PROTOTYPES = YES;
				CLANG_WARN_SUSPICIOUS_MOVE = YES;
				CLANG_WARN_UNGUARDED_AVAILABILITY = YES_AGGRESSIVE;
				CLANG_WARN_UNREACHABLE_CODE = YES;
				CLANG_WARN__DUPLICATE_METHOD_MATCH = YES;
				CODE_SIGN_IDENTITY = "iPhone Developer";
				COPY_PHASE_STRIP = NO;
				CURRENT_PROJECT_VERSION = 1;
				DEBUG_INFORMATION_FORMAT = dwarf;
				ENABLE_STRICT_OBJC_MSGSEND = YES;
				ENABLE_TESTABILITY = YES;
				GCC_C_LANGUAGE_STANDARD = gnu11;
				GCC_DYNAMIC_NO_PIC = NO;
				GCC_NO_COMMON_BLOCKS = YES;
				GCC_OPTIMIZATION_LEVEL = 0;
				GCC_PREPROCESSOR_DEFINITIONS = (
					"DEBUG=1",
					"$(inherited)",
				);
				GCC_WARN_64_TO_32_BIT_CONVERSION = YES;
				GCC_WARN_ABOUT_RETURN_TYPE = YES_ERROR;
				GCC_WARN_UNDECLARED_SELECTOR = YES;
				GCC_WARN_UNINITIALIZED_AUTOS = YES_AGGRESSIVE;
				GCC_WARN_UNUSED_FUNCTION = YES;
				GCC_WARN_UNUSED_VARIABLE = YES;
				IPHONEOS_DEPLOYMENT_TARGET = 12.4;
				MTL_ENABLE_DEBUG_INFO = INCLUDE_SOURCE;
				MTL_FAST_MATH = YES;
				ONLY_ACTIVE_ARCH = YES;
				SDKROOT = iphoneos;
				SWIFT_ACTIVE_COMPILATION_CONDITIONS = DEBUG;
				SWIFT_OPTIMIZATION_LEVEL = "-Onone";
				VERSIONING_SYSTEM = "apple-generic";
				VERSION_INFO_PREFIX = "";
			};
			name = Debug;
		};
		138D202F230E9E7B00A80E8F /* Release */ = {
			isa = XCBuildConfiguration;
			buildSettings = {
				ALWAYS_SEARCH_USER_PATHS = NO;
				CLANG_ANALYZER_NONNULL = YES;
				CLANG_ANALYZER_NUMBER_OBJECT_CONVERSION = YES_AGGRESSIVE;
				CLANG_CXX_LANGUAGE_STANDARD = "gnu++14";
				CLANG_CXX_LIBRARY = "libc++";
				CLANG_ENABLE_MODULES = YES;
				CLANG_ENABLE_OBJC_ARC = YES;
				CLANG_ENABLE_OBJC_WEAK = YES;
				CLANG_WARN_BLOCK_CAPTURE_AUTORELEASING = YES;
				CLANG_WARN_BOOL_CONVERSION = YES;
				CLANG_WARN_COMMA = YES;
				CLANG_WARN_CONSTANT_CONVERSION = YES;
				CLANG_WARN_DEPRECATED_OBJC_IMPLEMENTATIONS = YES;
				CLANG_WARN_DIRECT_OBJC_ISA_USAGE = YES_ERROR;
				CLANG_WARN_DOCUMENTATION_COMMENTS = YES;
				CLANG_WARN_EMPTY_BODY = YES;
				CLANG_WARN_ENUM_CONVERSION = YES;
				CLANG_WARN_INFINITE_RECURSION = YES;
				CLANG_WARN_INT_CONVERSION = YES;
				CLANG_WARN_NON_LITERAL_NULL_CONVERSION = YES;
				CLANG_WARN_OBJC_IMPLICIT_RETAIN_SELF = YES;
				CLANG_WARN_OBJC_LITERAL_CONVERSION = YES;
				CLANG_WARN_OBJC_ROOT_CLASS = YES_ERROR;
				CLANG_WARN_RANGE_LOOP_ANALYSIS = YES;
				CLANG_WARN_STRICT_PROTOTYPES = YES;
				CLANG_WARN_SUSPICIOUS_MOVE = YES;
				CLANG_WARN_UNGUARDED_AVAILABILITY = YES_AGGRESSIVE;
				CLANG_WARN_UNREACHABLE_CODE = YES;
				CLANG_WARN__DUPLICATE_METHOD_MATCH = YES;
				CODE_SIGN_IDENTITY = "iPhone Developer";
				COPY_PHASE_STRIP = NO;
				CURRENT_PROJECT_VERSION = 1;
				DEBUG_INFORMATION_FORMAT = "dwarf-with-dsym";
				ENABLE_NS_ASSERTIONS = NO;
				ENABLE_STRICT_OBJC_MSGSEND = YES;
				GCC_C_LANGUAGE_STANDARD = gnu11;
				GCC_NO_COMMON_BLOCKS = YES;
				GCC_WARN_64_TO_32_BIT_CONVERSION = YES;
				GCC_WARN_ABOUT_RETURN_TYPE = YES_ERROR;
				GCC_WARN_UNDECLARED_SELECTOR = YES;
				GCC_WARN_UNINITIALIZED_AUTOS = YES_AGGRESSIVE;
				GCC_WARN_UNUSED_FUNCTION = YES;
				GCC_WARN_UNUSED_VARIABLE = YES;
				IPHONEOS_DEPLOYMENT_TARGET = 12.4;
				MTL_ENABLE_DEBUG_INFO = NO;
				MTL_FAST_MATH = YES;
				SDKROOT = iphoneos;
				SWIFT_COMPILATION_MODE = wholemodule;
				SWIFT_OPTIMIZATION_LEVEL = "-O";
				VALIDATE_PRODUCT = YES;
				VERSIONING_SYSTEM = "apple-generic";
				VERSION_INFO_PREFIX = "";
			};
			name = Release;
		};
		138D2031230E9E7B00A80E8F /* Debug */ = {
			isa = XCBuildConfiguration;
			buildSettings = {
				CLANG_ENABLE_MODULES = YES;
				CODE_SIGN_IDENTITY = "";
				CODE_SIGN_STYLE = Automatic;
				DEFINES_MODULE = YES;
				DYLIB_COMPATIBILITY_VERSION = 1;
				DYLIB_CURRENT_VERSION = 1;
				DYLIB_INSTALL_NAME_BASE = "@rpath";
				INFOPLIST_FILE = BusGossips/Info.plist;
				INSTALL_PATH = "$(LOCAL_LIBRARY_DIR)/Frameworks";
				LD_RUNPATH_SEARCH_PATHS = (
					"$(inherited)",
					"@executable_path/Frameworks",
					"@loader_path/Frameworks",
				);
				PRODUCT_BUNDLE_IDENTIFIER = com.akaDuality.BusGossips;
				PRODUCT_NAME = "$(TARGET_NAME:c99extidentifier)";
				SKIP_INSTALL = YES;
				SWIFT_OPTIMIZATION_LEVEL = "-Onone";
				SWIFT_VERSION = 5.0;
				TARGETED_DEVICE_FAMILY = "1,2";
			};
			name = Debug;
		};
		138D2032230E9E7B00A80E8F /* Release */ = {
			isa = XCBuildConfiguration;
			buildSettings = {
				CLANG_ENABLE_MODULES = YES;
				CODE_SIGN_IDENTITY = "";
				CODE_SIGN_STYLE = Automatic;
				DEFINES_MODULE = YES;
				DYLIB_COMPATIBILITY_VERSION = 1;
				DYLIB_CURRENT_VERSION = 1;
				DYLIB_INSTALL_NAME_BASE = "@rpath";
				INFOPLIST_FILE = BusGossips/Info.plist;
				INSTALL_PATH = "$(LOCAL_LIBRARY_DIR)/Frameworks";
				LD_RUNPATH_SEARCH_PATHS = (
					"$(inherited)",
					"@executable_path/Frameworks",
					"@loader_path/Frameworks",
				);
				PRODUCT_BUNDLE_IDENTIFIER = com.akaDuality.BusGossips;
				PRODUCT_NAME = "$(TARGET_NAME:c99extidentifier)";
				SKIP_INSTALL = YES;
				SWIFT_VERSION = 5.0;
				TARGETED_DEVICE_FAMILY = "1,2";
			};
			name = Release;
		};
		138D2034230E9E7B00A80E8F /* Debug */ = {
			isa = XCBuildConfiguration;
			buildSettings = {
				ALWAYS_EMBED_SWIFT_STANDARD_LIBRARIES = YES;
				CODE_SIGN_STYLE = Automatic;
				INFOPLIST_FILE = BusGossipsTests/Info.plist;
				LD_RUNPATH_SEARCH_PATHS = (
					"$(inherited)",
					"@executable_path/Frameworks",
					"@loader_path/Frameworks",
				);
				PRODUCT_BUNDLE_IDENTIFIER = com.akaDuality.BusGossipsTests;
				PRODUCT_NAME = "$(TARGET_NAME)";
				SWIFT_VERSION = 5.0;
				TARGETED_DEVICE_FAMILY = "1,2";
			};
			name = Debug;
		};
		138D2035230E9E7B00A80E8F /* Release */ = {
			isa = XCBuildConfiguration;
			buildSettings = {
				ALWAYS_EMBED_SWIFT_STANDARD_LIBRARIES = YES;
				CODE_SIGN_STYLE = Automatic;
				INFOPLIST_FILE = BusGossipsTests/Info.plist;
				LD_RUNPATH_SEARCH_PATHS = (
					"$(inherited)",
					"@executable_path/Frameworks",
					"@loader_path/Frameworks",
				);
				PRODUCT_BUNDLE_IDENTIFIER = com.akaDuality.BusGossipsTests;
				PRODUCT_NAME = "$(TARGET_NAME)";
				SWIFT_VERSION = 5.0;
				TARGETED_DEVICE_FAMILY = "1,2";
			};
			name = Release;
		};
/* End XCBuildConfiguration section */

/* Begin XCConfigurationList section */
		138D2016230E9E7B00A80E8F /* Build configuration list for PBXProject "BusGossips" */ = {
			isa = XCConfigurationList;
			buildConfigurations = (
				138D202E230E9E7B00A80E8F /* Debug */,
				138D202F230E9E7B00A80E8F /* Release */,
			);
			defaultConfigurationIsVisible = 0;
			defaultConfigurationName = Release;
		};
		138D2030230E9E7B00A80E8F /* Build configuration list for PBXNativeTarget "BusGossips" */ = {
			isa = XCConfigurationList;
			buildConfigurations = (
				138D2031230E9E7B00A80E8F /* Debug */,
				138D2032230E9E7B00A80E8F /* Release */,
			);
			defaultConfigurationIsVisible = 0;
			defaultConfigurationName = Release;
		};
		138D2033230E9E7B00A80E8F /* Build configuration list for PBXNativeTarget "BusGossipsTests" */ = {
			isa = XCConfigurationList;
			buildConfigurations = (
				138D2034230E9E7B00A80E8F /* Debug */,
				138D2035230E9E7B00A80E8F /* Release */,
			);
			defaultConfigurationIsVisible = 0;
			defaultConfigurationName = Release;
		};
/* End XCConfigurationList section */
	};
	rootObject = 138D2013230E9E7B00A80E8F /* Project object */;
}
